#include "cuda_runtime.h"
#include "device_launch_parameters.h"

#include <stdio.h>


cudaError_t TransposeWithCuda(int* New, int* Old, const int size);


//------------------------------------

#define TILE_DIM 32
#define BLOCK_ROWS 8
#define GridMultiplier 1



__global__ void transposeMatrix(int* NewMat, int* OldMat)
{
    int x = blockIdx.x * TILE_DIM + threadIdx.x;
    int y = blockIdx.y * TILE_DIM + threadIdx.y;
    int width = gridDim.x * TILE_DIM;

    int  j = 0;

    //for (int j = 0; j < TILE_DIM; j += BLOCK_ROWS)

    NewMat[x * width + (y + j)] = OldMat[(y + j) * width + x];


}




//------------------------------------

int main()
{

    int MatOld[TILE_DIM][TILE_DIM], MatNew[TILE_DIM][TILE_DIM];
    int* old, * _new;
    int MatSize = TILE_DIM * TILE_DIM;
    int numBlocks = MatSize * GridMultiplier;
    cudaError_t cudaStatus;



    //Initializing Mat1
    for (int i = 0; i < TILE_DIM; i++)
    {
        for (int j = 0; j < TILE_DIM; j++)
        {
            MatOld[i][j] = i;
        }
    }

    

    /*
    for (int i = 0;i < GridMultiplier; i++)
    {
        for (int j = 0;j < GridMultiplier; j++)
        {
            TransposeWithCuda(&MatNew[i* GridMultiplier][j * GridMultiplier], &MatOld[i * GridMultiplier][j * GridMultiplier], numBlocks);
        }
    }
    */

    TransposeWithCuda(&MatNew[0][0], &MatOld[0][0], numBlocks);




    printf("Original matrix:\n");
    printf("-----------------\n");
    for (int i = 0; i < TILE_DIM; i++)
    {
        for (int j = 0; j < TILE_DIM; j++)
        {
            if (MatOld[i][j]<10)
                printf("%d  ", MatOld[i][j]);
            else
                printf("%d ", MatOld[i][j]);
        }
        printf("\n");
    }

    printf("\n");
    printf("Transposed matrix:\n");
    printf("-----------------\n");

    for (int i = 0; i < TILE_DIM; i++)
    {
        for (int j = 0; j < TILE_DIM; j++)
        {
            if (MatNew[i][j] < 10)
                printf("%d  ", MatNew[i][j]);
            else
                printf("%d ", MatNew[i][j]);
        }
        printf("\n");
    }



    return 0;
}


//------------------------------------


cudaError_t TransposeWithCuda(int* New, int* Old, const int size)
{

    int *n, *o;
    dim3 threadsPerBlock(32, 32);
    cudaError_t cudaStatus;

    cudaStatus = cudaMalloc((void**)&o, size * sizeof(int));
    cudaStatus = cudaMalloc((void**)&n, size * sizeof(int));

    cudaStatus = cudaMemcpy(o, Old, size * sizeof(int), cudaMemcpyHostToDevice);
    
    //transposeMatrix << <numBlocks, threadsPerBlock >> > (&MatNew[0][0], &MatOld[0][0]);

    transposeMatrix << </*TILE_DIM * */ GridMultiplier, threadsPerBlock >> > (n, o);

    cudaStatus = cudaMemcpy(New, n, size * sizeof(int), cudaMemcpyDeviceToHost);

    return (cudaError_t)0;

}
